
Microsoft Visual Studio Solution File, Format Version 12.00
# Visual Studio Version 17
Project("{2150E333-8FDC-42A3-9474-1A3956D46DE8}") = "CMakePredefinedTargets", "CMakePredefinedTargets", "{8CCA9B5E-0D52-3D2C-AE51-0E5609D47FDB}"
EndProject
Project("{2150E333-8FDC-42A3-9474-1A3956D46DE8}") = "app", "app", "{9F7FD10D-521D-30ED-B17F-FA7CD2656D9F}"
EndProject
Project("{2150E333-8FDC-42A3-9474-1A3956D46DE8}") = "lib", "lib", "{E6796534-033A-391F-9723-E4497987DE92}"
EndProject
Project("{8BC9CEB8-8B4A-11D0-8D11-00A0C91BC942}") = "ALL_BUILD", "ALL_BUILD.vcxproj", "{963BE88D-49DC-37A6-91DF-C4C06CE17350}"
	ProjectSection(ProjectDependencies) = postProject
		{7B2FF900-84F7-3A06-849D-E75008DC717A} = {7B2FF900-84F7-3A06-849D-E75008DC717A}
		{DD90FD7F-FF43-3A4F-AD66-0E0A019C5CD8} = {DD90FD7F-FF43-3A4F-AD66-0E0A019C5CD8}
		{C0436056-4F8B-3047-A9AB-095641DFAAD4} = {C0436056-4F8B-3047-A9AB-095641DFAAD4}
		{CB10673F-316E-3EA0-B27A-7FF7EF699B1F} = {CB10673F-316E-3EA0-B27A-7FF7EF699B1F}
		{0C0EA5B0-8705-3227-9B1B-160F8ACA1380} = {0C0EA5B0-8705-3227-9B1B-160F8ACA1380}
		{CA511718-3ACF-3B24-A685-82A8A4944593} = {CA511718-3ACF-3B24-A685-82A8A4944593}
		{A73D88A3-89D7-390B-9D97-A6FE4BEE8A8D} = {A73D88A3-89D7-390B-9D97-A6FE4BEE8A8D}
		{C7D8A1A9-CB47-370F-BB2A-5E768BA1B202} = {C7D8A1A9-CB47-370F-BB2A-5E768BA1B202}
		{E05F0E73-42AC-3EE6-ACE3-E7A48C614B4B} = {E05F0E73-42AC-3EE6-ACE3-E7A48C614B4B}
		{F4841589-495E-3222-BBC9-A2B33AD83088} = {F4841589-495E-3222-BBC9-A2B33AD83088}
		{4BA0EE14-BB3F-313B-98BC-02BB073B771B} = {4BA0EE14-BB3F-313B-98BC-02BB073B771B}
		{D81DCBC8-F8E3-3EDB-8116-5725FAF3396A} = {D81DCBC8-F8E3-3EDB-8116-5725FAF3396A}
		{3C7F24E1-BBD7-33AB-B071-159BEA760CFE} = {3C7F24E1-BBD7-33AB-B071-159BEA760CFE}
	EndProjectSection
EndProject
Project("{8BC9CEB8-8B4A-11D0-8D11-00A0C91BC942}") = "MCTSExtractor", "source\App\TAppMCTSExtractor\MCTSExtractor.vcxproj", "{7B2FF900-84F7-3A06-849D-E75008DC717A}"
	ProjectSection(ProjectDependencies) = postProject
		{CA511718-3ACF-3B24-A685-82A8A4944593} = {CA511718-3ACF-3B24-A685-82A8A4944593}
		{C7D8A1A9-CB47-370F-BB2A-5E768BA1B202} = {C7D8A1A9-CB47-370F-BB2A-5E768BA1B202}
		{F4841589-495E-3222-BBC9-A2B33AD83088} = {F4841589-495E-3222-BBC9-A2B33AD83088}
		{4BA0EE14-BB3F-313B-98BC-02BB073B771B} = {4BA0EE14-BB3F-313B-98BC-02BB073B771B}
		{D81DCBC8-F8E3-3EDB-8116-5725FAF3396A} = {D81DCBC8-F8E3-3EDB-8116-5725FAF3396A}
	EndProjectSection
EndProject
Project("{8BC9CEB8-8B4A-11D0-8D11-00A0C91BC942}") = "SEIRemovalApp", "source\App\SEIRemovalApp\SEIRemovalApp.vcxproj", "{DD90FD7F-FF43-3A4F-AD66-0E0A019C5CD8}"
	ProjectSection(ProjectDependencies) = postProject
		{CA511718-3ACF-3B24-A685-82A8A4944593} = {CA511718-3ACF-3B24-A685-82A8A4944593}
		{C7D8A1A9-CB47-370F-BB2A-5E768BA1B202} = {C7D8A1A9-CB47-370F-BB2A-5E768BA1B202}
		{4BA0EE14-BB3F-313B-98BC-02BB073B771B} = {4BA0EE14-BB3F-313B-98BC-02BB073B771B}
		{D81DCBC8-F8E3-3EDB-8116-5725FAF3396A} = {D81DCBC8-F8E3-3EDB-8116-5725FAF3396A}
	EndProjectSection
EndProject
Project("{8BC9CEB8-8B4A-11D0-8D11-00A0C91BC942}") = "TAppDecoder", "source\App\TAppDecoder\TAppDecoder.vcxproj", "{C0436056-4F8B-3047-A9AB-095641DFAAD4}"
	ProjectSection(ProjectDependencies) = postProject
		{CA511718-3ACF-3B24-A685-82A8A4944593} = {CA511718-3ACF-3B24-A685-82A8A4944593}
		{C7D8A1A9-CB47-370F-BB2A-5E768BA1B202} = {C7D8A1A9-CB47-370F-BB2A-5E768BA1B202}
		{4BA0EE14-BB3F-313B-98BC-02BB073B771B} = {4BA0EE14-BB3F-313B-98BC-02BB073B771B}
		{D81DCBC8-F8E3-3EDB-8116-5725FAF3396A} = {D81DCBC8-F8E3-3EDB-8116-5725FAF3396A}
	EndProjectSection
EndProject
Project("{8BC9CEB8-8B4A-11D0-8D11-00A0C91BC942}") = "TAppDecoderAnalyser", "source\App\TAppDecoderAnalyser\TAppDecoderAnalyser.vcxproj", "{CB10673F-316E-3EA0-B27A-7FF7EF699B1F}"
	ProjectSection(ProjectDependencies) = postProject
		{A73D88A3-89D7-390B-9D97-A6FE4BEE8A8D} = {A73D88A3-89D7-390B-9D97-A6FE4BEE8A8D}
		{E05F0E73-42AC-3EE6-ACE3-E7A48C614B4B} = {E05F0E73-42AC-3EE6-ACE3-E7A48C614B4B}
		{4BA0EE14-BB3F-313B-98BC-02BB073B771B} = {4BA0EE14-BB3F-313B-98BC-02BB073B771B}
		{D81DCBC8-F8E3-3EDB-8116-5725FAF3396A} = {D81DCBC8-F8E3-3EDB-8116-5725FAF3396A}
	EndProjectSection
EndProject
Project("{8BC9CEB8-8B4A-11D0-8D11-00A0C91BC942}") = "TAppEncoder", "source\App\TAppEncoder\TAppEncoder.vcxproj", "{0C0EA5B0-8705-3227-9B1B-160F8ACA1380}"
	ProjectSection(ProjectDependencies) = postProject
		{CA511718-3ACF-3B24-A685-82A8A4944593} = {CA511718-3ACF-3B24-A685-82A8A4944593}
		{C7D8A1A9-CB47-370F-BB2A-5E768BA1B202} = {C7D8A1A9-CB47-370F-BB2A-5E768BA1B202}
		{F4841589-495E-3222-BBC9-A2B33AD83088} = {F4841589-495E-3222-BBC9-A2B33AD83088}
		{4BA0EE14-BB3F-313B-98BC-02BB073B771B} = {4BA0EE14-BB3F-313B-98BC-02BB073B771B}
		{D81DCBC8-F8E3-3EDB-8116-5725FAF3396A} = {D81DCBC8-F8E3-3EDB-8116-5725FAF3396A}
	EndProjectSection
EndProject
Project("{8BC9CEB8-8B4A-11D0-8D11-00A0C91BC942}") = "TLibCommon", "source\Lib\TLibCommon\TLibCommon.vcxproj", "{CA511718-3ACF-3B24-A685-82A8A4944593}"
	ProjectSection(ProjectDependencies) = postProject
		{D81DCBC8-F8E3-3EDB-8116-5725FAF3396A} = {D81DCBC8-F8E3-3EDB-8116-5725FAF3396A}
	EndProjectSection
EndProject
Project("{8BC9CEB8-8B4A-11D0-8D11-00A0C91BC942}") = "TLibCommonAnalyser", "source\Lib\TLibCommonAnalyser\TLibCommonAnalyser.vcxproj", "{A73D88A3-89D7-390B-9D97-A6FE4BEE8A8D}"
	ProjectSection(ProjectDependencies) = postProject
		{D81DCBC8-F8E3-3EDB-8116-5725FAF3396A} = {D81DCBC8-F8E3-3EDB-8116-5725FAF3396A}
	EndProjectSection
EndProject
Project("{8BC9CEB8-8B4A-11D0-8D11-00A0C91BC942}") = "TLibDecoder", "source\Lib\TLibDecoder\TLibDecoder.vcxproj", "{C7D8A1A9-CB47-370F-BB2A-5E768BA1B202}"
	ProjectSection(ProjectDependencies) = postProject
		{CA511718-3ACF-3B24-A685-82A8A4944593} = {CA511718-3ACF-3B24-A685-82A8A4944593}
		{D81DCBC8-F8E3-3EDB-8116-5725FAF3396A} = {D81DCBC8-F8E3-3EDB-8116-5725FAF3396A}
	EndProjectSection
EndProject
Project("{8BC9CEB8-8B4A-11D0-8D11-00A0C91BC942}") = "TLibDecoderAnalyser", "source\Lib\TLibDecoderAnalyser\TLibDecoderAnalyser.vcxproj", "{E05F0E73-42AC-3EE6-ACE3-E7A48C614B4B}"
	ProjectSection(ProjectDependencies) = postProject
		{A73D88A3-89D7-390B-9D97-A6FE4BEE8A8D} = {A73D88A3-89D7-390B-9D97-A6FE4BEE8A8D}
		{D81DCBC8-F8E3-3EDB-8116-5725FAF3396A} = {D81DCBC8-F8E3-3EDB-8116-5725FAF3396A}
	EndProjectSection
EndProject
Project("{8BC9CEB8-8B4A-11D0-8D11-00A0C91BC942}") = "TLibEncoder", "source\Lib\TLibEncoder\TLibEncoder.vcxproj", "{F4841589-495E-3222-BBC9-A2B33AD83088}"
	ProjectSection(ProjectDependencies) = postProject
		{CA511718-3ACF-3B24-A685-82A8A4944593} = {CA511718-3ACF-3B24-A685-82A8A4944593}
		{D81DCBC8-F8E3-3EDB-8116-5725FAF3396A} = {D81DCBC8-F8E3-3EDB-8116-5725FAF3396A}
	EndProjectSection
EndProject
Project("{8BC9CEB8-8B4A-11D0-8D11-00A0C91BC942}") = "Utilities", "source\Lib\Utilities\Utilities.vcxproj", "{4BA0EE14-BB3F-313B-98BC-02BB073B771B}"
	ProjectSection(ProjectDependencies) = postProject
		{D81DCBC8-F8E3-3EDB-8116-5725FAF3396A} = {D81DCBC8-F8E3-3EDB-8116-5725FAF3396A}
	EndProjectSection
EndProject
Project("{8BC9CEB8-8B4A-11D0-8D11-00A0C91BC942}") = "ZERO_CHECK", "ZERO_CHECK.vcxproj", "{D81DCBC8-F8E3-3EDB-8116-5725FAF3396A}"
	ProjectSection(ProjectDependencies) = postProject
	EndProjectSection
EndProject
Project("{8BC9CEB8-8B4A-11D0-8D11-00A0C91BC942}") = "parcat", "source\App\Parcat\parcat.vcxproj", "{3C7F24E1-BBD7-33AB-B071-159BEA760CFE}"
	ProjectSection(ProjectDependencies) = postProject
		{D81DCBC8-F8E3-3EDB-8116-5725FAF3396A} = {D81DCBC8-F8E3-3EDB-8116-5725FAF3396A}
	EndProjectSection
EndProject
Global
	GlobalSection(SolutionConfigurationPlatforms) = preSolution
		Debug|x64 = Debug|x64
		Release|x64 = Release|x64
		MinSizeRel|x64 = MinSizeRel|x64
		RelWithDebInfo|x64 = RelWithDebInfo|x64
	EndGlobalSection
	GlobalSection(ProjectConfigurationPlatforms) = postSolution
		{963BE88D-49DC-37A6-91DF-C4C06CE17350}.Debug|x64.ActiveCfg = Debug|x64
		{963BE88D-49DC-37A6-91DF-C4C06CE17350}.Release|x64.ActiveCfg = Release|x64
		{963BE88D-49DC-37A6-91DF-C4C06CE17350}.MinSizeRel|x64.ActiveCfg = MinSizeRel|x64
		{963BE88D-49DC-37A6-91DF-C4C06CE17350}.RelWithDebInfo|x64.ActiveCfg = RelWithDebInfo|x64
		{7B2FF900-84F7-3A06-849D-E75008DC717A}.Debug|x64.ActiveCfg = Debug|x64
		{7B2FF900-84F7-3A06-849D-E75008DC717A}.Debug|x64.Build.0 = Debug|x64
		{7B2FF900-84F7-3A06-849D-E75008DC717A}.Release|x64.ActiveCfg = Release|x64
		{7B2FF900-84F7-3A06-849D-E75008DC717A}.Release|x64.Build.0 = Release|x64
		{7B2FF900-84F7-3A06-849D-E75008DC717A}.MinSizeRel|x64.ActiveCfg = MinSizeRel|x64
		{7B2FF900-84F7-3A06-849D-E75008DC717A}.MinSizeRel|x64.Build.0 = MinSizeRel|x64
		{7B2FF900-84F7-3A06-849D-E75008DC717A}.RelWithDebInfo|x64.ActiveCfg = RelWithDebInfo|x64
		{7B2FF900-84F7-3A06-849D-E75008DC717A}.RelWithDebInfo|x64.Build.0 = RelWithDebInfo|x64
		{DD90FD7F-FF43-3A4F-AD66-0E0A019C5CD8}.Debug|x64.ActiveCfg = Debug|x64
		{DD90FD7F-FF43-3A4F-AD66-0E0A019C5CD8}.Debug|x64.Build.0 = Debug|x64
		{DD90FD7F-FF43-3A4F-AD66-0E0A019C5CD8}.Release|x64.ActiveCfg = Release|x64
		{DD90FD7F-FF43-3A4F-AD66-0E0A019C5CD8}.Release|x64.Build.0 = Release|x64
		{DD90FD7F-FF43-3A4F-AD66-0E0A019C5CD8}.MinSizeRel|x64.ActiveCfg = MinSizeRel|x64
		{DD90FD7F-FF43-3A4F-AD66-0E0A019C5CD8}.MinSizeRel|x64.Build.0 = MinSizeRel|x64
		{DD90FD7F-FF43-3A4F-AD66-0E0A019C5CD8}.RelWithDebInfo|x64.ActiveCfg = RelWithDebInfo|x64
		{DD90FD7F-FF43-3A4F-AD66-0E0A019C5CD8}.RelWithDebInfo|x64.Build.0 = RelWithDebInfo|x64
		{C0436056-4F8B-3047-A9AB-095641DFAAD4}.Debug|x64.ActiveCfg = Debug|x64
		{C0436056-4F8B-3047-A9AB-095641DFAAD4}.Debug|x64.Build.0 = Debug|x64
		{C0436056-4F8B-3047-A9AB-095641DFAAD4}.Release|x64.ActiveCfg = Release|x64
		{C0436056-4F8B-3047-A9AB-095641DFAAD4}.Release|x64.Build.0 = Release|x64
		{C0436056-4F8B-3047-A9AB-095641DFAAD4}.MinSizeRel|x64.ActiveCfg = MinSizeRel|x64
		{C0436056-4F8B-3047-A9AB-095641DFAAD4}.MinSizeRel|x64.Build.0 = MinSizeRel|x64
		{C0436056-4F8B-3047-A9AB-095641DFAAD4}.RelWithDebInfo|x64.ActiveCfg = RelWithDebInfo|x64
		{C0436056-4F8B-3047-A9AB-095641DFAAD4}.RelWithDebInfo|x64.Build.0 = RelWithDebInfo|x64
		{CB10673F-316E-3EA0-B27A-7FF7EF699B1F}.Debug|x64.ActiveCfg = Debug|x64
		{CB10673F-316E-3EA0-B27A-7FF7EF699B1F}.Debug|x64.Build.0 = Debug|x64
		{CB10673F-316E-3EA0-B27A-7FF7EF699B1F}.Release|x64.ActiveCfg = Release|x64
		{CB10673F-316E-3EA0-B27A-7FF7EF699B1F}.Release|x64.Build.0 = Release|x64
		{CB10673F-316E-3EA0-B27A-7FF7EF699B1F}.MinSizeRel|x64.ActiveCfg = MinSizeRel|x64
		{CB10673F-316E-3EA0-B27A-7FF7EF699B1F}.MinSizeRel|x64.Build.0 = MinSizeRel|x64
		{CB10673F-316E-3EA0-B27A-7FF7EF699B1F}.RelWithDebInfo|x64.ActiveCfg = RelWithDebInfo|x64
		{CB10673F-316E-3EA0-B27A-7FF7EF699B1F}.RelWithDebInfo|x64.Build.0 = RelWithDebInfo|x64
		{0C0EA5B0-8705-3227-9B1B-160F8ACA1380}.Debug|x64.ActiveCfg = Debug|x64
		{0C0EA5B0-8705-3227-9B1B-160F8ACA1380}.Debug|x64.Build.0 = Debug|x64
		{0C0EA5B0-8705-3227-9B1B-160F8ACA1380}.Release|x64.ActiveCfg = Release|x64
		{0C0EA5B0-8705-3227-9B1B-160F8ACA1380}.Release|x64.Build.0 = Release|x64
		{0C0EA5B0-8705-3227-9B1B-160F8ACA1380}.MinSizeRel|x64.ActiveCfg = MinSizeRel|x64
		{0C0EA5B0-8705-3227-9B1B-160F8ACA1380}.MinSizeRel|x64.Build.0 = MinSizeRel|x64
		{0C0EA5B0-8705-3227-9B1B-160F8ACA1380}.RelWithDebInfo|x64.ActiveCfg = RelWithDebInfo|x64
		{0C0EA5B0-8705-3227-9B1B-160F8ACA1380}.RelWithDebInfo|x64.Build.0 = RelWithDebInfo|x64
		{CA511718-3ACF-3B24-A685-82A8A4944593}.Debug|x64.ActiveCfg = Debug|x64
		{CA511718-3ACF-3B24-A685-82A8A4944593}.Debug|x64.Build.0 = Debug|x64
		{CA511718-3ACF-3B24-A685-82A8A4944593}.Release|x64.ActiveCfg = Release|x64
		{CA511718-3ACF-3B24-A685-82A8A4944593}.Release|x64.Build.0 = Release|x64
		{CA511718-3ACF-3B24-A685-82A8A4944593}.MinSizeRel|x64.ActiveCfg = MinSizeRel|x64
		{CA511718-3ACF-3B24-A685-82A8A4944593}.MinSizeRel|x64.Build.0 = MinSizeRel|x64
		{CA511718-3ACF-3B24-A685-82A8A4944593}.RelWithDebInfo|x64.ActiveCfg = RelWithDebInfo|x64
		{CA511718-3ACF-3B24-A685-82A8A4944593}.RelWithDebInfo|x64.Build.0 = RelWithDebInfo|x64
		{A73D88A3-89D7-390B-9D97-A6FE4BEE8A8D}.Debug|x64.ActiveCfg = Debug|x64
		{A73D88A3-89D7-390B-9D97-A6FE4BEE8A8D}.Debug|x64.Build.0 = Debug|x64
		{A73D88A3-89D7-390B-9D97-A6FE4BEE8A8D}.Release|x64.ActiveCfg = Release|x64
		{A73D88A3-89D7-390B-9D97-A6FE4BEE8A8D}.Release|x64.Build.0 = Release|x64
		{A73D88A3-89D7-390B-9D97-A6FE4BEE8A8D}.MinSizeRel|x64.ActiveCfg = MinSizeRel|x64
		{A73D88A3-89D7-390B-9D97-A6FE4BEE8A8D}.MinSizeRel|x64.Build.0 = MinSizeRel|x64
		{A73D88A3-89D7-390B-9D97-A6FE4BEE8A8D}.RelWithDebInfo|x64.ActiveCfg = RelWithDebInfo|x64
		{A73D88A3-89D7-390B-9D97-A6FE4BEE8A8D}.RelWithDebInfo|x64.Build.0 = RelWithDebInfo|x64
		{C7D8A1A9-CB47-370F-BB2A-5E768BA1B202}.Debug|x64.ActiveCfg = Debug|x64
		{C7D8A1A9-CB47-370F-BB2A-5E768BA1B202}.Debug|x64.Build.0 = Debug|x64
		{C7D8A1A9-CB47-370F-BB2A-5E768BA1B202}.Release|x64.ActiveCfg = Release|x64
		{C7D8A1A9-CB47-370F-BB2A-5E768BA1B202}.Release|x64.Build.0 = Release|x64
		{C7D8A1A9-CB47-370F-BB2A-5E768BA1B202}.MinSizeRel|x64.ActiveCfg = MinSizeRel|x64
		{C7D8A1A9-CB47-370F-BB2A-5E768BA1B202}.MinSizeRel|x64.Build.0 = MinSizeRel|x64
		{C7D8A1A9-CB47-370F-BB2A-5E768BA1B202}.RelWithDebInfo|x64.ActiveCfg = RelWithDebInfo|x64
		{C7D8A1A9-CB47-370F-BB2A-5E768BA1B202}.RelWithDebInfo|x64.Build.0 = RelWithDebInfo|x64
		{E05F0E73-42AC-3EE6-ACE3-E7A48C614B4B}.Debug|x64.ActiveCfg = Debug|x64
		{E05F0E73-42AC-3EE6-ACE3-E7A48C614B4B}.Debug|x64.Build.0 = Debug|x64
		{E05F0E73-42AC-3EE6-ACE3-E7A48C614B4B}.Release|x64.ActiveCfg = Release|x64
		{E05F0E73-42AC-3EE6-ACE3-E7A48C614B4B}.Release|x64.Build.0 = Release|x64
		{E05F0E73-42AC-3EE6-ACE3-E7A48C614B4B}.MinSizeRel|x64.ActiveCfg = MinSizeRel|x64
		{E05F0E73-42AC-3EE6-ACE3-E7A48C614B4B}.MinSizeRel|x64.Build.0 = MinSizeRel|x64
		{E05F0E73-42AC-3EE6-ACE3-E7A48C614B4B}.RelWithDebInfo|x64.ActiveCfg = RelWithDebInfo|x64
		{E05F0E73-42AC-3EE6-ACE3-E7A48C614B4B}.RelWithDebInfo|x64.Build.0 = RelWithDebInfo|x64
		{F4841589-495E-3222-BBC9-A2B33AD83088}.Debug|x64.ActiveCfg = Debug|x64
		{F4841589-495E-3222-BBC9-A2B33AD83088}.Debug|x64.Build.0 = Debug|x64
		{F4841589-495E-3222-BBC9-A2B33AD83088}.Release|x64.ActiveCfg = Release|x64
		{F4841589-495E-3222-BBC9-A2B33AD83088}.Release|x64.Build.0 = Release|x64
		{F4841589-495E-3222-BBC9-A2B33AD83088}.MinSizeRel|x64.ActiveCfg = MinSizeRel|x64
		{F4841589-495E-3222-BBC9-A2B33AD83088}.MinSizeRel|x64.Build.0 = MinSizeRel|x64
		{F4841589-495E-3222-BBC9-A2B33AD83088}.RelWithDebInfo|x64.ActiveCfg = RelWithDebInfo|x64
		{F4841589-495E-3222-BBC9-A2B33AD83088}.RelWithDebInfo|x64.Build.0 = RelWithDebInfo|x64
		{4BA0EE14-BB3F-313B-98BC-02BB073B771B}.Debug|x64.ActiveCfg = Debug|x64
		{4BA0EE14-BB3F-313B-98BC-02BB073B771B}.Debug|x64.Build.0 = Debug|x64
		{4BA0EE14-BB3F-313B-98BC-02BB073B771B}.Release|x64.ActiveCfg = Release|x64
		{4BA0EE14-BB3F-313B-98BC-02BB073B771B}.Release|x64.Build.0 = Release|x64
		{4BA0EE14-BB3F-313B-98BC-02BB073B771B}.MinSizeRel|x64.ActiveCfg = MinSizeRel|x64
		{4BA0EE14-BB3F-313B-98BC-02BB073B771B}.MinSizeRel|x64.Build.0 = MinSizeRel|x64
		{4BA0EE14-BB3F-313B-98BC-02BB073B771B}.RelWithDebInfo|x64.ActiveCfg = RelWithDebInfo|x64
		{4BA0EE14-BB3F-313B-98BC-02BB073B771B}.RelWithDebInfo|x64.Build.0 = RelWithDebInfo|x64
		{D81DCBC8-F8E3-3EDB-8116-5725FAF3396A}.Debug|x64.ActiveCfg = Debug|x64
		{D81DCBC8-F8E3-3EDB-8116-5725FAF3396A}.Debug|x64.Build.0 = Debug|x64
		{D81DCBC8-F8E3-3EDB-8116-5725FAF3396A}.Release|x64.ActiveCfg = Release|x64
		{D81DCBC8-F8E3-3EDB-8116-5725FAF3396A}.Release|x64.Build.0 = Release|x64
		{D81DCBC8-F8E3-3EDB-8116-5725FAF3396A}.MinSizeRel|x64.ActiveCfg = MinSizeRel|x64
		{D81DCBC8-F8E3-3EDB-8116-5725FAF3396A}.MinSizeRel|x64.Build.0 = MinSizeRel|x64
		{D81DCBC8-F8E3-3EDB-8116-5725FAF3396A}.RelWithDebInfo|x64.ActiveCfg = RelWithDebInfo|x64
		{D81DCBC8-F8E3-3EDB-8116-5725FAF3396A}.RelWithDebInfo|x64.Build.0 = RelWithDebInfo|x64
		{3C7F24E1-BBD7-33AB-B071-159BEA760CFE}.Debug|x64.ActiveCfg = Debug|x64
		{3C7F24E1-BBD7-33AB-B071-159BEA760CFE}.Debug|x64.Build.0 = Debug|x64
		{3C7F24E1-BBD7-33AB-B071-159BEA760CFE}.Release|x64.ActiveCfg = Release|x64
		{3C7F24E1-BBD7-33AB-B071-159BEA760CFE}.Release|x64.Build.0 = Release|x64
		{3C7F24E1-BBD7-33AB-B071-159BEA760CFE}.MinSizeRel|x64.ActiveCfg = MinSizeRel|x64
		{3C7F24E1-BBD7-33AB-B071-159BEA760CFE}.MinSizeRel|x64.Build.0 = MinSizeRel|x64
		{3C7F24E1-BBD7-33AB-B071-159BEA760CFE}.RelWithDebInfo|x64.ActiveCfg = RelWithDebInfo|x64
		{3C7F24E1-BBD7-33AB-B071-159BEA760CFE}.RelWithDebInfo|x64.Build.0 = RelWithDebInfo|x64
	EndGlobalSection
	GlobalSection(NestedProjects) = preSolution
		{963BE88D-49DC-37A6-91DF-C4C06CE17350} = {8CCA9B5E-0D52-3D2C-AE51-0E5609D47FDB}
		{D81DCBC8-F8E3-3EDB-8116-5725FAF3396A} = {8CCA9B5E-0D52-3D2C-AE51-0E5609D47FDB}
		{7B2FF900-84F7-3A06-849D-E75008DC717A} = {9F7FD10D-521D-30ED-B17F-FA7CD2656D9F}
		{DD90FD7F-FF43-3A4F-AD66-0E0A019C5CD8} = {9F7FD10D-521D-30ED-B17F-FA7CD2656D9F}
		{C0436056-4F8B-3047-A9AB-095641DFAAD4} = {9F7FD10D-521D-30ED-B17F-FA7CD2656D9F}
		{CB10673F-316E-3EA0-B27A-7FF7EF699B1F} = {9F7FD10D-521D-30ED-B17F-FA7CD2656D9F}
		{0C0EA5B0-8705-3227-9B1B-160F8ACA1380} = {9F7FD10D-521D-30ED-B17F-FA7CD2656D9F}
		{3C7F24E1-BBD7-33AB-B071-159BEA760CFE} = {9F7FD10D-521D-30ED-B17F-FA7CD2656D9F}
		{CA511718-3ACF-3B24-A685-82A8A4944593} = {E6796534-033A-391F-9723-E4497987DE92}
		{A73D88A3-89D7-390B-9D97-A6FE4BEE8A8D} = {E6796534-033A-391F-9723-E4497987DE92}
		{C7D8A1A9-CB47-370F-BB2A-5E768BA1B202} = {E6796534-033A-391F-9723-E4497987DE92}
		{E05F0E73-42AC-3EE6-ACE3-E7A48C614B4B} = {E6796534-033A-391F-9723-E4497987DE92}
		{F4841589-495E-3222-BBC9-A2B33AD83088} = {E6796534-033A-391F-9723-E4497987DE92}
		{4BA0EE14-BB3F-313B-98BC-02BB073B771B} = {E6796534-033A-391F-9723-E4497987DE92}
	EndGlobalSection
	GlobalSection(ExtensibilityGlobals) = postSolution
		SolutionGuid = {A5AC8204-DDD0-314E-94AC-6E74B08ED7B7}
	EndGlobalSection
	GlobalSection(ExtensibilityAddIns) = postSolution
	EndGlobalSection
EndGlobal
